
Microsoft Visual Studio Solution File, Format Version 12.00
# Visual Studio Version 16
VisualStudioVersion = 16.0.30907.101
MinimumVisualStudioVersion = 10.0.40219.1
Project("{FAE04EC0-301F-11D3-BF4B-00C04F79EFBC}") = "DataAccess", "DataAccess\DataAccess.csproj", "{6457ADCF-20C7-4BB3-B71D-AC4CAF5D48DD}"
EndProject
Project("{FAE04EC0-301F-11D3-BF4B-00C04F79EFBC}") = "Business", "Business\Business.csproj", "{D43082A3-E8E8-42EB-AC24-3FBFD162E26A}"
EndProject
Project("{FAE04EC0-301F-11D3-BF4B-00C04F79EFBC}") = "Entities", "Entities\Entities.csproj", "{7797C943-0DF3-4665-B6B1-8113BB10C708}"
EndProject
Project("{FAE04EC0-301F-11D3-BF4B-00C04F79EFBC}") = "ConsoleUI", "ConsoleUI\ConsoleUI.csproj", "{17ECD730-110F-406B-B914-A031E6875A2B}"
EndProject
Project("{FAE04EC0-301F-11D3-BF4B-00C04F79EFBC}") = "Core", "Core\Core.csproj", "{F8E532C0-92B6-4195-95E1-7DBDDEE98C0D}"
EndProject
Global
	GlobalSection(SolutionConfigurationPlatforms) = preSolution
		Debug|Any CPU = Debug|Any CPU
		Release|Any CPU = Release|Any CPU
	EndGlobalSection
	GlobalSection(ProjectConfigurationPlatforms) = postSolution
		{6457ADCF-20C7-4BB3-B71D-AC4CAF5D48DD}.Debug|Any CPU.ActiveCfg = Debug|Any CPU
		{6457ADCF-20C7-4BB3-B71D-AC4CAF5D48DD}.Debug|Any CPU.Build.0 = Debug|Any CPU
		{6457ADCF-20C7-4BB3-B71D-AC4CAF5D48DD}.Release|Any CPU.ActiveCfg = Release|Any CPU
		{6457ADCF-20C7-4BB3-B71D-AC4CAF5D48DD}.Release|Any CPU.Build.0 = Release|Any CPU
		{D43082A3-E8E8-42EB-AC24-3FBFD162E26A}.Debug|Any CPU.ActiveCfg = Debug|Any CPU
		{D43082A3-E8E8-42EB-AC24-3FBFD162E26A}.Debug|Any CPU.Build.0 = Debug|Any CPU
		{D43082A3-E8E8-42EB-AC24-3FBFD162E26A}.Release|Any CPU.ActiveCfg = Release|Any CPU
		{D43082A3-E8E8-42EB-AC24-3FBFD162E26A}.Release|Any CPU.Build.0 = Release|Any CPU
		{7797C943-0DF3-4665-B6B1-8113BB10C708}.Debug|Any CPU.ActiveCfg = Debug|Any CPU
		{7797C943-0DF3-4665-B6B1-8113BB10C708}.Debug|Any CPU.Build.0 = Debug|Any CPU
		{7797C943-0DF3-4665-B6B1-8113BB10C708}.Release|Any CPU.ActiveCfg = Release|Any CPU
		{7797C943-0DF3-4665-B6B1-8113BB10C708}.Release|Any CPU.Build.0 = Release|Any CPU
		{17ECD730-110F-406B-B914-A031E6875A2B}.Debug|Any CPU.ActiveCfg = Debug|Any CPU
		{17ECD730-110F-406B-B914-A031E6875A2B}.Debug|Any CPU.Build.0 = Debug|Any CPU
		{17ECD730-110F-406B-B914-A031E6875A2B}.Release|Any CPU.ActiveCfg = Release|Any CPU
		{17ECD730-110F-406B-B914-A031E6875A2B}.Release|Any CPU.Build.0 = Release|Any CPU
		{F8E532C0-92B6-4195-95E1-7DBDDEE98C0D}.Debug|Any CPU.ActiveCfg = Debug|Any CPU
		{F8E532C0-92B6-4195-95E1-7DBDDEE98C0D}.Debug|Any CPU.Build.0 = Debug|Any CPU
		{F8E532C0-92B6-4195-95E1-7DBDDEE98C0D}.Release|Any CPU.ActiveCfg = Release|Any CPU
		{F8E532C0-92B6-4195-95E1-7DBDDEE98C0D}.Release|Any CPU.Build.0 = Release|Any CPU
	EndGlobalSection
	GlobalSection(SolutionProperties) = preSolution
		HideSolutionNode = FALSE
	EndGlobalSection
	GlobalSection(ExtensibilityGlobals) = postSolution
		SolutionGuid = {1A7EE5FE-79DB-436D-B4AF-F7E17BBFE86E}
	EndGlobalSection
EndGlobal
